
Microsoft Visual Studio Solution File, Format Version 12.00
# Visual Studio Version 17
VisualStudioVersion = 17.9.34701.34
MinimumVisualStudioVersion = 10.0.40219.1
Project("{FAE04EC0-301F-11D3-BF4B-00C04F79EFBC}") = "HelloWorld", "HelloWorld\HelloWorld.csproj", "{24686E3E-C51F-4B89-AE71-8EF39644131F}"
EndProject
Project("{9A19103F-16F7-4668-BE54-9A1E7A4F7556}") = "HelloWPF", "HelloWPF\HelloWPF.csproj", "{1F15EE9A-6A5C-4D7C-AD59-7889253AC5F0}"
EndProject
Project("{FAE04EC0-301F-11D3-BF4B-00C04F79EFBC}") = "01_Ch03Ex01", "01_Ch03Ex01\01_Ch03Ex01.csproj", "{53251535-C42E-4648-865C-932AF659B55F}"
EndProject
Global
	GlobalSection(SolutionConfigurationPlatforms) = preSolution
		Debug|Any CPU = Debug|Any CPU
		Release|Any CPU = Release|Any CPU
	EndGlobalSection
	GlobalSection(ProjectConfigurationPlatforms) = postSolution
		{24686E3E-C51F-4B89-AE71-8EF39644131F}.Debug|Any CPU.ActiveCfg = Debug|Any CPU
		{24686E3E-C51F-4B89-AE71-8EF39644131F}.Debug|Any CPU.Build.0 = Debug|Any CPU
		{24686E3E-C51F-4B89-AE71-8EF39644131F}.Release|Any CPU.ActiveCfg = Release|Any CPU
		{24686E3E-C51F-4B89-AE71-8EF39644131F}.Release|Any CPU.Build.0 = Release|Any CPU
		{1F15EE9A-6A5C-4D7C-AD59-7889253AC5F0}.Debug|Any CPU.ActiveCfg = Debug|Any CPU
		{1F15EE9A-6A5C-4D7C-AD59-7889253AC5F0}.Debug|Any CPU.Build.0 = Debug|Any CPU
		{1F15EE9A-6A5C-4D7C-AD59-7889253AC5F0}.Release|Any CPU.ActiveCfg = Release|Any CPU
		{1F15EE9A-6A5C-4D7C-AD59-7889253AC5F0}.Release|Any CPU.Build.0 = Release|Any CPU
		{53251535-C42E-4648-865C-932AF659B55F}.Debug|Any CPU.ActiveCfg = Debug|Any CPU
		{53251535-C42E-4648-865C-932AF659B55F}.Debug|Any CPU.Build.0 = Debug|Any CPU
		{53251535-C42E-4648-865C-932AF659B55F}.Release|Any CPU.ActiveCfg = Release|Any CPU
		{53251535-C42E-4648-865C-932AF659B55F}.Release|Any CPU.Build.0 = Release|Any CPU
	EndGlobalSection
	GlobalSection(SolutionProperties) = preSolution
		HideSolutionNode = FALSE
	EndGlobalSection
	GlobalSection(ExtensibilityGlobals) = postSolution
		SolutionGuid = {663A294D-0F72-4DC4-9C6F-78BE9DD0CEF2}
	EndGlobalSection
EndGlobal
