
Microsoft Visual Studio Solution File, Format Version 12.00
# Visual Studio Version 17
VisualStudioVersion = 17.9.34701.34
MinimumVisualStudioVersion = 10.0.40219.1
Project("{FAE04EC0-301F-11D3-BF4B-00C04F79EFBC}") = "HelloWorld", "HelloWorld\HelloWorld.csproj", "{24686E3E-C51F-4B89-AE71-8EF39644131F}"
EndProject
Project("{9A19103F-16F7-4668-BE54-9A1E7A4F7556}") = "HelloWPF", "HelloWPF\HelloWPF.csproj", "{1F15EE9A-6A5C-4D7C-AD59-7889253AC5F0}"
EndProject
Project("{FAE04EC0-301F-11D3-BF4B-00C04F79EFBC}") = "01_Ch03Ex01", "01_Ch03Ex01\01_Ch03Ex01.csproj", "{53251535-C42E-4648-865C-932AF659B55F}"
EndProject
Project("{FAE04EC0-301F-11D3-BF4B-00C04F79EFBC}") = "02_Ch03Ex02", "02_Ch03Ex02\02_Ch03Ex02.csproj", "{073D0735-1F01-4965-85BC-933A5763D9B0}"
EndProject
Project("{FAE04EC0-301F-11D3-BF4B-00C04F79EFBC}") = "03_Ch03Exer01", "03_Ch03Exer01\03_Ch03Exer01.csproj", "{31ACB264-BD49-4173-AB34-41C7EBBD5D51}"
EndProject
Project("{FAE04EC0-301F-11D3-BF4B-00C04F79EFBC}") = "04_Ch04Ex01", "04_Ch04Ex01\04_Ch04Ex01.csproj", "{8B1EDC70-52BA-4894-81E8-18ECF3746F66}"
EndProject
Project("{FAE04EC0-301F-11D3-BF4B-00C04F79EFBC}") = "05_Ch04Ex02", "05_Ch04Ex02\05_Ch04Ex02.csproj", "{EA1DB783-7656-4D66-B7E9-779E295A1E16}"
EndProject
Project("{FAE04EC0-301F-11D3-BF4B-00C04F79EFBC}") = "06_Ch04Ex03", "06_Ch04Ex03\06_Ch04Ex03.csproj", "{60B5CD81-E83A-4903-A858-F217B86FE28F}"
EndProject
Project("{FAE04EC0-301F-11D3-BF4B-00C04F79EFBC}") = "07_Ch04Ex04", "07_Ch04Ex04\07_Ch04Ex04.csproj", "{591CC9EE-D688-4E7B-9590-9EAB55DFAE53}"
EndProject
Project("{FAE04EC0-301F-11D3-BF4B-00C04F79EFBC}") = "08_Ch04Ex05", "08_Ch04Ex05\08_Ch04Ex05.csproj", "{8141B955-2230-42FC-979B-0BFF24EE01AA}"
EndProject
Project("{FAE04EC0-301F-11D3-BF4B-00C04F79EFBC}") = "09_Ch04Exer01", "09_Ch04Exer01\09_Ch04Exer01.csproj", "{97D1929B-49F3-4D03-991D-AABEB78886AB}"
EndProject
Project("{FAE04EC0-301F-11D3-BF4B-00C04F79EFBC}") = "10_Ch05Ex01", "10_Ch05Ex01\10_Ch05Ex01.csproj", "{9BDABB79-DDA2-4C3B-B6D9-FC23A4D0A4A1}"
EndProject
Project("{FAE04EC0-301F-11D3-BF4B-00C04F79EFBC}") = "11_Ch05Ex02", "11_Ch05Ex02\11_Ch05Ex02.csproj", "{8201F42A-D351-4D9F-947F-A6FBD89ACB80}"
EndProject
Project("{FAE04EC0-301F-11D3-BF4B-00C04F79EFBC}") = "12_Ch05Ex03", "12_Ch05Ex03\12_Ch05Ex03.csproj", "{2FDE5934-B314-4D89-ABE4-EAD4AEF079B0}"
EndProject
Project("{FAE04EC0-301F-11D3-BF4B-00C04F79EFBC}") = "13_Ch05Ex04", "13_Ch05Ex04\13_Ch05Ex04.csproj", "{7D796A0E-D92E-49D9-B86E-FCA4C6FB0EC2}"
EndProject
Project("{FAE04EC0-301F-11D3-BF4B-00C04F79EFBC}") = "14_Ch05Ex05", "14_Ch05Ex05\14_Ch05Ex05.csproj", "{F03CBE7A-B4F6-4A6A-A3B6-B9860ADBF7CA}"
EndProject
Project("{FAE04EC0-301F-11D3-BF4B-00C04F79EFBC}") = "15_Ch05Ex06", "15_Ch05Ex06\15_Ch05Ex06.csproj", "{C5CB10B6-8E51-4FE7-BE84-6FE1655ECAAF}"
EndProject
Project("{FAE04EC0-301F-11D3-BF4B-00C04F79EFBC}") = "16_Ch05Exer01", "16_Ch05Exer01\16_Ch05Exer01.csproj", "{41F9AF36-DB8E-41A8-8073-F86311C4BED2}"
EndProject
Project("{FAE04EC0-301F-11D3-BF4B-00C04F79EFBC}") = "17_Ch05Exer02", "17_Ch05Exer02\17_Ch05Exer02.csproj", "{7625C1FD-8DFC-4F06-BD87-914FDBDAF898}"
EndProject
Project("{FAE04EC0-301F-11D3-BF4B-00C04F79EFBC}") = "18_Ch05Exer03", "18_Ch05Exer03\18_Ch05Exer03.csproj", "{FED2F364-9311-461D-BC7B-B2C534F6776D}"
EndProject
Project("{FAE04EC0-301F-11D3-BF4B-00C04F79EFBC}") = "19_Ch06Ex01", "19_Ch06Ex01\19_Ch06Ex01.csproj", "{95D09E9A-99BC-45A2-8BDE-DFF18CC489F8}"
EndProject
Project("{FAE04EC0-301F-11D3-BF4B-00C04F79EFBC}") = "20_Ch06Ex02", "20_Ch06Ex02\20_Ch06Ex02.csproj", "{3EC4C358-EF83-4A8C-9433-9038E712F9A5}"
EndProject
Project("{FAE04EC0-301F-11D3-BF4B-00C04F79EFBC}") = "21_Ch06Ex03", "21_Ch06Ex03\21_Ch06Ex03.csproj", "{73985364-AD8D-43DF-AFD0-5D683B73B0A7}"
EndProject
Project("{FAE04EC0-301F-11D3-BF4B-00C04F79EFBC}") = "22_Ch06Ex02OutVersion", "22_Ch06Ex02OutVersion\22_Ch06Ex02OutVersion.csproj", "{C38C7367-C2B4-4C96-9B5C-7A0FD9149CB4}"
EndProject
Project("{FAE04EC0-301F-11D3-BF4B-00C04F79EFBC}") = "23_Ch06Tuple", "23_Ch06Tuple\23_Ch06Tuple.csproj", "{DA8F728A-626D-4A2B-9D2D-4B9D2378929C}"
EndProject
Project("{FAE04EC0-301F-11D3-BF4B-00C04F79EFBC}") = "24_Ch06ForDomain", "24_Ch06ForDomain\24_Ch06ForDomain.csproj", "{9FB4C551-5061-4792-AAF8-350BD4000D7C}"
EndProject
Project("{FAE04EC0-301F-11D3-BF4B-00C04F79EFBC}") = "25_Ch06LocalFunction", "25_Ch06LocalFunction\25_Ch06LocalFunction.csproj", "{906F0DE2-1372-44C7-AB3B-EA1245A646A7}"
EndProject
Project("{FAE04EC0-301F-11D3-BF4B-00C04F79EFBC}") = "26_Ch06Ex04", "26_Ch06Ex04\26_Ch06Ex04.csproj", "{9BDD382B-E3D4-4C22-AC24-64604090AFDB}"
EndProject
Project("{FAE04EC0-301F-11D3-BF4B-00C04F79EFBC}") = "27_Ch06Ex05", "27_Ch06Ex05\27_Ch06Ex05.csproj", "{5DCE34AC-2D56-49B0-A827-796D05FE676B}"
EndProject
Project("{FAE04EC0-301F-11D3-BF4B-00C04F79EFBC}") = "28_Ch06Exer01", "28_Ch06Exer01\28_Ch06Exer01.csproj", "{9DC9078C-B154-46D7-834E-83F5ABCC5465}"
EndProject
Project("{FAE04EC0-301F-11D3-BF4B-00C04F79EFBC}") = "29_Ch06Exer02", "29_Ch06Exer02\29_Ch06Exer02.csproj", "{0E0A08E0-4FB3-4816-A962-7F789BD4C500}"
EndProject
Project("{FAE04EC0-301F-11D3-BF4B-00C04F79EFBC}") = "30_Ch06Exer03", "30_Ch06Exer03\30_Ch06Exer03.csproj", "{81DD2398-B5F0-4572-9A5C-E99FF9D24DE0}"
EndProject
Global
	GlobalSection(SolutionConfigurationPlatforms) = preSolution
		Debug|Any CPU = Debug|Any CPU
		Release|Any CPU = Release|Any CPU
	EndGlobalSection
	GlobalSection(ProjectConfigurationPlatforms) = postSolution
		{24686E3E-C51F-4B89-AE71-8EF39644131F}.Debug|Any CPU.ActiveCfg = Debug|Any CPU
		{24686E3E-C51F-4B89-AE71-8EF39644131F}.Debug|Any CPU.Build.0 = Debug|Any CPU
		{24686E3E-C51F-4B89-AE71-8EF39644131F}.Release|Any CPU.ActiveCfg = Release|Any CPU
		{24686E3E-C51F-4B89-AE71-8EF39644131F}.Release|Any CPU.Build.0 = Release|Any CPU
		{1F15EE9A-6A5C-4D7C-AD59-7889253AC5F0}.Debug|Any CPU.ActiveCfg = Debug|Any CPU
		{1F15EE9A-6A5C-4D7C-AD59-7889253AC5F0}.Debug|Any CPU.Build.0 = Debug|Any CPU
		{1F15EE9A-6A5C-4D7C-AD59-7889253AC5F0}.Release|Any CPU.ActiveCfg = Release|Any CPU
		{1F15EE9A-6A5C-4D7C-AD59-7889253AC5F0}.Release|Any CPU.Build.0 = Release|Any CPU
		{53251535-C42E-4648-865C-932AF659B55F}.Debug|Any CPU.ActiveCfg = Debug|Any CPU
		{53251535-C42E-4648-865C-932AF659B55F}.Debug|Any CPU.Build.0 = Debug|Any CPU
		{53251535-C42E-4648-865C-932AF659B55F}.Release|Any CPU.ActiveCfg = Release|Any CPU
		{53251535-C42E-4648-865C-932AF659B55F}.Release|Any CPU.Build.0 = Release|Any CPU
		{073D0735-1F01-4965-85BC-933A5763D9B0}.Debug|Any CPU.ActiveCfg = Debug|Any CPU
		{073D0735-1F01-4965-85BC-933A5763D9B0}.Debug|Any CPU.Build.0 = Debug|Any CPU
		{073D0735-1F01-4965-85BC-933A5763D9B0}.Release|Any CPU.ActiveCfg = Release|Any CPU
		{073D0735-1F01-4965-85BC-933A5763D9B0}.Release|Any CPU.Build.0 = Release|Any CPU
		{31ACB264-BD49-4173-AB34-41C7EBBD5D51}.Debug|Any CPU.ActiveCfg = Debug|Any CPU
		{31ACB264-BD49-4173-AB34-41C7EBBD5D51}.Debug|Any CPU.Build.0 = Debug|Any CPU
		{31ACB264-BD49-4173-AB34-41C7EBBD5D51}.Release|Any CPU.ActiveCfg = Release|Any CPU
		{31ACB264-BD49-4173-AB34-41C7EBBD5D51}.Release|Any CPU.Build.0 = Release|Any CPU
		{8B1EDC70-52BA-4894-81E8-18ECF3746F66}.Debug|Any CPU.ActiveCfg = Debug|Any CPU
		{8B1EDC70-52BA-4894-81E8-18ECF3746F66}.Debug|Any CPU.Build.0 = Debug|Any CPU
		{8B1EDC70-52BA-4894-81E8-18ECF3746F66}.Release|Any CPU.ActiveCfg = Release|Any CPU
		{8B1EDC70-52BA-4894-81E8-18ECF3746F66}.Release|Any CPU.Build.0 = Release|Any CPU
		{EA1DB783-7656-4D66-B7E9-779E295A1E16}.Debug|Any CPU.ActiveCfg = Debug|Any CPU
		{EA1DB783-7656-4D66-B7E9-779E295A1E16}.Debug|Any CPU.Build.0 = Debug|Any CPU
		{EA1DB783-7656-4D66-B7E9-779E295A1E16}.Release|Any CPU.ActiveCfg = Release|Any CPU
		{EA1DB783-7656-4D66-B7E9-779E295A1E16}.Release|Any CPU.Build.0 = Release|Any CPU
		{60B5CD81-E83A-4903-A858-F217B86FE28F}.Debug|Any CPU.ActiveCfg = Debug|Any CPU
		{60B5CD81-E83A-4903-A858-F217B86FE28F}.Debug|Any CPU.Build.0 = Debug|Any CPU
		{60B5CD81-E83A-4903-A858-F217B86FE28F}.Release|Any CPU.ActiveCfg = Release|Any CPU
		{60B5CD81-E83A-4903-A858-F217B86FE28F}.Release|Any CPU.Build.0 = Release|Any CPU
		{591CC9EE-D688-4E7B-9590-9EAB55DFAE53}.Debug|Any CPU.ActiveCfg = Debug|Any CPU
		{591CC9EE-D688-4E7B-9590-9EAB55DFAE53}.Debug|Any CPU.Build.0 = Debug|Any CPU
		{591CC9EE-D688-4E7B-9590-9EAB55DFAE53}.Release|Any CPU.ActiveCfg = Release|Any CPU
		{591CC9EE-D688-4E7B-9590-9EAB55DFAE53}.Release|Any CPU.Build.0 = Release|Any CPU
		{8141B955-2230-42FC-979B-0BFF24EE01AA}.Debug|Any CPU.ActiveCfg = Debug|Any CPU
		{8141B955-2230-42FC-979B-0BFF24EE01AA}.Debug|Any CPU.Build.0 = Debug|Any CPU
		{8141B955-2230-42FC-979B-0BFF24EE01AA}.Release|Any CPU.ActiveCfg = Release|Any CPU
		{8141B955-2230-42FC-979B-0BFF24EE01AA}.Release|Any CPU.Build.0 = Release|Any CPU
		{97D1929B-49F3-4D03-991D-AABEB78886AB}.Debug|Any CPU.ActiveCfg = Debug|Any CPU
		{97D1929B-49F3-4D03-991D-AABEB78886AB}.Debug|Any CPU.Build.0 = Debug|Any CPU
		{97D1929B-49F3-4D03-991D-AABEB78886AB}.Release|Any CPU.ActiveCfg = Release|Any CPU
		{97D1929B-49F3-4D03-991D-AABEB78886AB}.Release|Any CPU.Build.0 = Release|Any CPU
		{9BDABB79-DDA2-4C3B-B6D9-FC23A4D0A4A1}.Debug|Any CPU.ActiveCfg = Debug|Any CPU
		{9BDABB79-DDA2-4C3B-B6D9-FC23A4D0A4A1}.Debug|Any CPU.Build.0 = Debug|Any CPU
		{9BDABB79-DDA2-4C3B-B6D9-FC23A4D0A4A1}.Release|Any CPU.ActiveCfg = Release|Any CPU
		{9BDABB79-DDA2-4C3B-B6D9-FC23A4D0A4A1}.Release|Any CPU.Build.0 = Release|Any CPU
		{8201F42A-D351-4D9F-947F-A6FBD89ACB80}.Debug|Any CPU.ActiveCfg = Debug|Any CPU
		{8201F42A-D351-4D9F-947F-A6FBD89ACB80}.Debug|Any CPU.Build.0 = Debug|Any CPU
		{8201F42A-D351-4D9F-947F-A6FBD89ACB80}.Release|Any CPU.ActiveCfg = Release|Any CPU
		{8201F42A-D351-4D9F-947F-A6FBD89ACB80}.Release|Any CPU.Build.0 = Release|Any CPU
		{2FDE5934-B314-4D89-ABE4-EAD4AEF079B0}.Debug|Any CPU.ActiveCfg = Debug|Any CPU
		{2FDE5934-B314-4D89-ABE4-EAD4AEF079B0}.Debug|Any CPU.Build.0 = Debug|Any CPU
		{2FDE5934-B314-4D89-ABE4-EAD4AEF079B0}.Release|Any CPU.ActiveCfg = Release|Any CPU
		{2FDE5934-B314-4D89-ABE4-EAD4AEF079B0}.Release|Any CPU.Build.0 = Release|Any CPU
		{7D796A0E-D92E-49D9-B86E-FCA4C6FB0EC2}.Debug|Any CPU.ActiveCfg = Debug|Any CPU
		{7D796A0E-D92E-49D9-B86E-FCA4C6FB0EC2}.Debug|Any CPU.Build.0 = Debug|Any CPU
		{7D796A0E-D92E-49D9-B86E-FCA4C6FB0EC2}.Release|Any CPU.ActiveCfg = Release|Any CPU
		{7D796A0E-D92E-49D9-B86E-FCA4C6FB0EC2}.Release|Any CPU.Build.0 = Release|Any CPU
		{F03CBE7A-B4F6-4A6A-A3B6-B9860ADBF7CA}.Debug|Any CPU.ActiveCfg = Debug|Any CPU
		{F03CBE7A-B4F6-4A6A-A3B6-B9860ADBF7CA}.Debug|Any CPU.Build.0 = Debug|Any CPU
		{F03CBE7A-B4F6-4A6A-A3B6-B9860ADBF7CA}.Release|Any CPU.ActiveCfg = Release|Any CPU
		{F03CBE7A-B4F6-4A6A-A3B6-B9860ADBF7CA}.Release|Any CPU.Build.0 = Release|Any CPU
		{C5CB10B6-8E51-4FE7-BE84-6FE1655ECAAF}.Debug|Any CPU.ActiveCfg = Debug|Any CPU
		{C5CB10B6-8E51-4FE7-BE84-6FE1655ECAAF}.Debug|Any CPU.Build.0 = Debug|Any CPU
		{C5CB10B6-8E51-4FE7-BE84-6FE1655ECAAF}.Release|Any CPU.ActiveCfg = Release|Any CPU
		{C5CB10B6-8E51-4FE7-BE84-6FE1655ECAAF}.Release|Any CPU.Build.0 = Release|Any CPU
		{41F9AF36-DB8E-41A8-8073-F86311C4BED2}.Debug|Any CPU.ActiveCfg = Debug|Any CPU
		{41F9AF36-DB8E-41A8-8073-F86311C4BED2}.Debug|Any CPU.Build.0 = Debug|Any CPU
		{41F9AF36-DB8E-41A8-8073-F86311C4BED2}.Release|Any CPU.ActiveCfg = Release|Any CPU
		{41F9AF36-DB8E-41A8-8073-F86311C4BED2}.Release|Any CPU.Build.0 = Release|Any CPU
		{7625C1FD-8DFC-4F06-BD87-914FDBDAF898}.Debug|Any CPU.ActiveCfg = Debug|Any CPU
		{7625C1FD-8DFC-4F06-BD87-914FDBDAF898}.Debug|Any CPU.Build.0 = Debug|Any CPU
		{7625C1FD-8DFC-4F06-BD87-914FDBDAF898}.Release|Any CPU.ActiveCfg = Release|Any CPU
		{7625C1FD-8DFC-4F06-BD87-914FDBDAF898}.Release|Any CPU.Build.0 = Release|Any CPU
		{FED2F364-9311-461D-BC7B-B2C534F6776D}.Debug|Any CPU.ActiveCfg = Debug|Any CPU
		{FED2F364-9311-461D-BC7B-B2C534F6776D}.Debug|Any CPU.Build.0 = Debug|Any CPU
		{FED2F364-9311-461D-BC7B-B2C534F6776D}.Release|Any CPU.ActiveCfg = Release|Any CPU
		{FED2F364-9311-461D-BC7B-B2C534F6776D}.Release|Any CPU.Build.0 = Release|Any CPU
		{95D09E9A-99BC-45A2-8BDE-DFF18CC489F8}.Debug|Any CPU.ActiveCfg = Debug|Any CPU
		{95D09E9A-99BC-45A2-8BDE-DFF18CC489F8}.Debug|Any CPU.Build.0 = Debug|Any CPU
		{95D09E9A-99BC-45A2-8BDE-DFF18CC489F8}.Release|Any CPU.ActiveCfg = Release|Any CPU
		{95D09E9A-99BC-45A2-8BDE-DFF18CC489F8}.Release|Any CPU.Build.0 = Release|Any CPU
		{3EC4C358-EF83-4A8C-9433-9038E712F9A5}.Debug|Any CPU.ActiveCfg = Debug|Any CPU
		{3EC4C358-EF83-4A8C-9433-9038E712F9A5}.Debug|Any CPU.Build.0 = Debug|Any CPU
		{3EC4C358-EF83-4A8C-9433-9038E712F9A5}.Release|Any CPU.ActiveCfg = Release|Any CPU
		{3EC4C358-EF83-4A8C-9433-9038E712F9A5}.Release|Any CPU.Build.0 = Release|Any CPU
		{73985364-AD8D-43DF-AFD0-5D683B73B0A7}.Debug|Any CPU.ActiveCfg = Debug|Any CPU
		{73985364-AD8D-43DF-AFD0-5D683B73B0A7}.Debug|Any CPU.Build.0 = Debug|Any CPU
		{73985364-AD8D-43DF-AFD0-5D683B73B0A7}.Release|Any CPU.ActiveCfg = Release|Any CPU
		{73985364-AD8D-43DF-AFD0-5D683B73B0A7}.Release|Any CPU.Build.0 = Release|Any CPU
		{C38C7367-C2B4-4C96-9B5C-7A0FD9149CB4}.Debug|Any CPU.ActiveCfg = Debug|Any CPU
		{C38C7367-C2B4-4C96-9B5C-7A0FD9149CB4}.Debug|Any CPU.Build.0 = Debug|Any CPU
		{C38C7367-C2B4-4C96-9B5C-7A0FD9149CB4}.Release|Any CPU.ActiveCfg = Release|Any CPU
		{C38C7367-C2B4-4C96-9B5C-7A0FD9149CB4}.Release|Any CPU.Build.0 = Release|Any CPU
		{DA8F728A-626D-4A2B-9D2D-4B9D2378929C}.Debug|Any CPU.ActiveCfg = Debug|Any CPU
		{DA8F728A-626D-4A2B-9D2D-4B9D2378929C}.Debug|Any CPU.Build.0 = Debug|Any CPU
		{DA8F728A-626D-4A2B-9D2D-4B9D2378929C}.Release|Any CPU.ActiveCfg = Release|Any CPU
		{DA8F728A-626D-4A2B-9D2D-4B9D2378929C}.Release|Any CPU.Build.0 = Release|Any CPU
		{9FB4C551-5061-4792-AAF8-350BD4000D7C}.Debug|Any CPU.ActiveCfg = Debug|Any CPU
		{9FB4C551-5061-4792-AAF8-350BD4000D7C}.Debug|Any CPU.Build.0 = Debug|Any CPU
		{9FB4C551-5061-4792-AAF8-350BD4000D7C}.Release|Any CPU.ActiveCfg = Release|Any CPU
		{9FB4C551-5061-4792-AAF8-350BD4000D7C}.Release|Any CPU.Build.0 = Release|Any CPU
		{906F0DE2-1372-44C7-AB3B-EA1245A646A7}.Debug|Any CPU.ActiveCfg = Debug|Any CPU
		{906F0DE2-1372-44C7-AB3B-EA1245A646A7}.Debug|Any CPU.Build.0 = Debug|Any CPU
		{906F0DE2-1372-44C7-AB3B-EA1245A646A7}.Release|Any CPU.ActiveCfg = Release|Any CPU
		{906F0DE2-1372-44C7-AB3B-EA1245A646A7}.Release|Any CPU.Build.0 = Release|Any CPU
		{9BDD382B-E3D4-4C22-AC24-64604090AFDB}.Debug|Any CPU.ActiveCfg = Debug|Any CPU
		{9BDD382B-E3D4-4C22-AC24-64604090AFDB}.Debug|Any CPU.Build.0 = Debug|Any CPU
		{9BDD382B-E3D4-4C22-AC24-64604090AFDB}.Release|Any CPU.ActiveCfg = Release|Any CPU
		{9BDD382B-E3D4-4C22-AC24-64604090AFDB}.Release|Any CPU.Build.0 = Release|Any CPU
		{5DCE34AC-2D56-49B0-A827-796D05FE676B}.Debug|Any CPU.ActiveCfg = Debug|Any CPU
		{5DCE34AC-2D56-49B0-A827-796D05FE676B}.Debug|Any CPU.Build.0 = Debug|Any CPU
		{5DCE34AC-2D56-49B0-A827-796D05FE676B}.Release|Any CPU.ActiveCfg = Release|Any CPU
		{5DCE34AC-2D56-49B0-A827-796D05FE676B}.Release|Any CPU.Build.0 = Release|Any CPU
		{9DC9078C-B154-46D7-834E-83F5ABCC5465}.Debug|Any CPU.ActiveCfg = Debug|Any CPU
		{9DC9078C-B154-46D7-834E-83F5ABCC5465}.Debug|Any CPU.Build.0 = Debug|Any CPU
		{9DC9078C-B154-46D7-834E-83F5ABCC5465}.Release|Any CPU.ActiveCfg = Release|Any CPU
		{9DC9078C-B154-46D7-834E-83F5ABCC5465}.Release|Any CPU.Build.0 = Release|Any CPU
		{0E0A08E0-4FB3-4816-A962-7F789BD4C500}.Debug|Any CPU.ActiveCfg = Debug|Any CPU
		{0E0A08E0-4FB3-4816-A962-7F789BD4C500}.Debug|Any CPU.Build.0 = Debug|Any CPU
		{0E0A08E0-4FB3-4816-A962-7F789BD4C500}.Release|Any CPU.ActiveCfg = Release|Any CPU
		{0E0A08E0-4FB3-4816-A962-7F789BD4C500}.Release|Any CPU.Build.0 = Release|Any CPU
		{81DD2398-B5F0-4572-9A5C-E99FF9D24DE0}.Debug|Any CPU.ActiveCfg = Debug|Any CPU
		{81DD2398-B5F0-4572-9A5C-E99FF9D24DE0}.Debug|Any CPU.Build.0 = Debug|Any CPU
		{81DD2398-B5F0-4572-9A5C-E99FF9D24DE0}.Release|Any CPU.ActiveCfg = Release|Any CPU
		{81DD2398-B5F0-4572-9A5C-E99FF9D24DE0}.Release|Any CPU.Build.0 = Release|Any CPU
	EndGlobalSection
	GlobalSection(SolutionProperties) = preSolution
		HideSolutionNode = FALSE
	EndGlobalSection
	GlobalSection(ExtensibilityGlobals) = postSolution
		SolutionGuid = {663A294D-0F72-4DC4-9C6F-78BE9DD0CEF2}
	EndGlobalSection
EndGlobal
